hash: a063aeb077f043b6f385f4abfe725eecc87f6a179f453f3795e5e7cbafffba59
updated: 2016-08-08T08:09:49.257186366-06:00
imports:
- name: github.com/alecthomas/template
  version: bceaa63e6f72dc5df817bb141441700844b3a15c
  subpackages:
  - parse
- name: github.com/alecthomas/units
  version: bceaa63e6f72dc5df817bb141441700844b3a15c
- name: github.com/atotto/clipboard
  version: bb272b845f1112e10117e3e45ce39f690c0001ad
- name: github.com/jroimartin/gocui
  version: bceaa63e6f72dc5df817bb141441700844b3a15c
- name: github.com/marpaia/chef-golang
  version: bceaa63e6f72dc5df817bb141441700844b3a15c
- name: github.com/mattn/go-runewidth
  version: bceaa63e6f72dc5df817bb141441700844b3a15c
- name: github.com/nsf/termbox-go
  version: bceaa63e6f72dc5df817bb141441700844b3a15c
- name: gopkg.in/alecthomas/kingpin.v2
  version: bceaa63e6f72dc5df817bb141441700844b3a15c
devImports: []
